
Microsoft Visual Studio Solution File, Format Version 12.00
# Visual Studio Version 17
VisualStudioVersion = 17.0.31903.59
MinimumVisualStudioVersion = 10.0.40219.1
Project("{FAE04EC0-301F-11D3-BF4B-00C04F79EFBC}") = "SignalR-WebAPI", "SignalR-WebAPI\SignalR-WebAPI.csproj", "{D8C7714B-50EA-494F-B227-F867A9FB9487}"
EndProject
Project("{FAE04EC0-301F-11D3-BF4B-00C04F79EFBC}") = "SignalR-Reciever", "SignalR-Reciever\SignalR-Reciever.csproj", "{8E328624-8239-4DFB-978E-A4460841942A}"
EndProject
Global
	GlobalSection(SolutionConfigurationPlatforms) = preSolution
		Debug|Any CPU = Debug|Any CPU
		Release|Any CPU = Release|Any CPU
	EndGlobalSection
	GlobalSection(SolutionProperties) = preSolution
		HideSolutionNode = FALSE
	EndGlobalSection
	GlobalSection(ProjectConfigurationPlatforms) = postSolution
		{D8C7714B-50EA-494F-B227-F867A9FB9487}.Debug|Any CPU.ActiveCfg = Debug|Any CPU
		{D8C7714B-50EA-494F-B227-F867A9FB9487}.Debug|Any CPU.Build.0 = Debug|Any CPU
		{D8C7714B-50EA-494F-B227-F867A9FB9487}.Release|Any CPU.ActiveCfg = Release|Any CPU
		{D8C7714B-50EA-494F-B227-F867A9FB9487}.Release|Any CPU.Build.0 = Release|Any CPU
		{8E328624-8239-4DFB-978E-A4460841942A}.Debug|Any CPU.ActiveCfg = Debug|Any CPU
		{8E328624-8239-4DFB-978E-A4460841942A}.Debug|Any CPU.Build.0 = Debug|Any CPU
		{8E328624-8239-4DFB-978E-A4460841942A}.Release|Any CPU.ActiveCfg = Release|Any CPU
		{8E328624-8239-4DFB-978E-A4460841942A}.Release|Any CPU.Build.0 = Release|Any CPU
	EndGlobalSection
EndGlobal
